// !$*UTF8*$!
{
	archiveVersion = 1;
	classes = {
	};
	objectVersion = 46;
	objects = {

/* Begin PBXBuildFile section */
		305306701E1EBEDB009BE043 /* BodyView.swift in Sources */ = {isa = PBXBuildFile; fileRef = 3053066D1E1EBEDB009BE043 /* BodyView.swift */; };
		305306711E1EBEDB009BE043 /* MenuView.swift in Sources */ = {isa = PBXBuildFile; fileRef = 3053066E1E1EBEDB009BE043 /* MenuView.swift */; };
		305306721E1EBEDB009BE043 /* WeePager.swift in Sources */ = {isa = PBXBuildFile; fileRef = 3053066F1E1EBEDB009BE043 /* WeePager.swift */; };
		305306761E1EBF16009BE043 /* AppDelegate.swift in Sources */ = {isa = PBXBuildFile; fileRef = 305306731E1EBF16009BE043 /* AppDelegate.swift */; };
		305306771E1EBF16009BE043 /* provaViewController.swift in Sources */ = {isa = PBXBuildFile; fileRef = 305306741E1EBF16009BE043 /* provaViewController.swift */; };
		305306781E1EBF16009BE043 /* ViewController.swift in Sources */ = {isa = PBXBuildFile; fileRef = 305306751E1EBF16009BE043 /* ViewController.swift */; };
		3053067B1E1EBF20009BE043 /* Cachy.swift in Sources */ = {isa = PBXBuildFile; fileRef = 305306791E1EBF20009BE043 /* Cachy.swift */; };
		3053067C1E1EBF20009BE043 /* CachyExtension.swift in Sources */ = {isa = PBXBuildFile; fileRef = 3053067A1E1EBF20009BE043 /* CachyExtension.swift */; };
		305306831E1EBF2D009BE043 /* BasicTableView.swift in Sources */ = {isa = PBXBuildFile; fileRef = 3053067D1E1EBF2D009BE043 /* BasicTableView.swift */; };
		305306841E1EBF2D009BE043 /* BasicTextCell.swift in Sources */ = {isa = PBXBuildFile; fileRef = 3053067E1E1EBF2D009BE043 /* BasicTextCell.swift */; };
		305306851E1EBF2D009BE043 /* BasicTextHeader.swift in Sources */ = {isa = PBXBuildFile; fileRef = 3053067F1E1EBF2D009BE043 /* BasicTextHeader.swift */; };
		305306861E1EBF2D009BE043 /* BasicTextImageCell.swift in Sources */ = {isa = PBXBuildFile; fileRef = 305306801E1EBF2D009BE043 /* BasicTextImageCell.swift */; };
		305306871E1EBF2D009BE043 /* BasicTextSubtitleImage.swift in Sources */ = {isa = PBXBuildFile; fileRef = 305306811E1EBF2D009BE043 /* BasicTextSubtitleImage.swift */; };
		305306881E1EBF2D009BE043 /* RootTableView.swift in Sources */ = {isa = PBXBuildFile; fileRef = 305306821E1EBF2D009BE043 /* RootTableView.swift */; };
		3053068A1E1EBF39009BE043 /* Info.plist in Resources */ = {isa = PBXBuildFile; fileRef = 305306891E1EBF39009BE043 /* Info.plist */; };
		3053068C1E1EBF43009BE043 /* Assets.xcassets in Resources */ = {isa = PBXBuildFile; fileRef = 3053068B1E1EBF43009BE043 /* Assets.xcassets */; };
		305306911E1EBF50009BE043 /* LaunchScreen.storyboard in Resources */ = {isa = PBXBuildFile; fileRef = 3053068D1E1EBF50009BE043 /* LaunchScreen.storyboard */; };
		305306921E1EBF50009BE043 /* Main.storyboard in Resources */ = {isa = PBXBuildFile; fileRef = 3053068F1E1EBF50009BE043 /* Main.storyboard */; };
/* End PBXBuildFile section */

/* Begin PBXFileReference section */
		3053066D1E1EBEDB009BE043 /* BodyView.swift */ = {isa = PBXFileReference; fileEncoding = 4; lastKnownFileType = sourcecode.swift; name = BodyView.swift; path = WeePager/BodyView.swift; sourceTree = SOURCE_ROOT; };
		3053066E1E1EBEDB009BE043 /* MenuView.swift */ = {isa = PBXFileReference; fileEncoding = 4; lastKnownFileType = sourcecode.swift; name = MenuView.swift; path = WeePager/MenuView.swift; sourceTree = SOURCE_ROOT; };
		3053066F1E1EBEDB009BE043 /* WeePager.swift */ = {isa = PBXFileReference; fileEncoding = 4; lastKnownFileType = sourcecode.swift; name = WeePager.swift; path = WeePager/WeePager.swift; sourceTree = SOURCE_ROOT; };
		305306731E1EBF16009BE043 /* AppDelegate.swift */ = {isa = PBXFileReference; fileEncoding = 4; lastKnownFileType = sourcecode.swift; name = AppDelegate.swift; path = WeePagerDemo/AppDelegate.swift; sourceTree = SOURCE_ROOT; };
		305306741E1EBF16009BE043 /* provaViewController.swift */ = {isa = PBXFileReference; fileEncoding = 4; lastKnownFileType = sourcecode.swift; name = provaViewController.swift; path = WeePagerDemo/provaViewController.swift; sourceTree = SOURCE_ROOT; };
		305306751E1EBF16009BE043 /* ViewController.swift */ = {isa = PBXFileReference; fileEncoding = 4; lastKnownFileType = sourcecode.swift; name = ViewController.swift; path = WeePagerDemo/ViewController.swift; sourceTree = SOURCE_ROOT; };
		305306791E1EBF20009BE043 /* Cachy.swift */ = {isa = PBXFileReference; fileEncoding = 4; lastKnownFileType = sourcecode.swift; name = Cachy.swift; path = WeePagerDemo/Cachy.swift; sourceTree = SOURCE_ROOT; };
		3053067A1E1EBF20009BE043 /* CachyExtension.swift */ = {isa = PBXFileReference; fileEncoding = 4; lastKnownFileType = sourcecode.swift; name = CachyExtension.swift; path = WeePagerDemo/CachyExtension.swift; sourceTree = SOURCE_ROOT; };
		3053067D1E1EBF2D009BE043 /* BasicTableView.swift */ = {isa = PBXFileReference; fileEncoding = 4; lastKnownFileType = sourcecode.swift; name = BasicTableView.swift; path = WeePagerDemo/BasicTableView.swift; sourceTree = SOURCE_ROOT; };
		3053067E1E1EBF2D009BE043 /* BasicTextCell.swift */ = {isa = PBXFileReference; fileEncoding = 4; lastKnownFileType = sourcecode.swift; name = BasicTextCell.swift; path = WeePagerDemo/BasicTextCell.swift; sourceTree = SOURCE_ROOT; };
		3053067F1E1EBF2D009BE043 /* BasicTextHeader.swift */ = {isa = PBXFileReference; fileEncoding = 4; lastKnownFileType = sourcecode.swift; name = BasicTextHeader.swift; path = WeePagerDemo/BasicTextHeader.swift; sourceTree = SOURCE_ROOT; };
		305306801E1EBF2D009BE043 /* BasicTextImageCell.swift */ = {isa = PBXFileReference; fileEncoding = 4; lastKnownFileType = sourcecode.swift; name = BasicTextImageCell.swift; path = WeePagerDemo/BasicTextImageCell.swift; sourceTree = SOURCE_ROOT; };
		305306811E1EBF2D009BE043 /* BasicTextSubtitleImage.swift */ = {isa = PBXFileReference; fileEncoding = 4; lastKnownFileType = sourcecode.swift; name = BasicTextSubtitleImage.swift; path = WeePagerDemo/BasicTextSubtitleImage.swift; sourceTree = SOURCE_ROOT; };
		305306821E1EBF2D009BE043 /* RootTableView.swift */ = {isa = PBXFileReference; fileEncoding = 4; lastKnownFileType = sourcecode.swift; name = RootTableView.swift; path = WeePagerDemo/RootTableView.swift; sourceTree = SOURCE_ROOT; };
		305306891E1EBF39009BE043 /* Info.plist */ = {isa = PBXFileReference; fileEncoding = 4; lastKnownFileType = text.plist.xml; name = Info.plist; path = WeePagerDemo/Info.plist; sourceTree = SOURCE_ROOT; };
		3053068B1E1EBF43009BE043 /* Assets.xcassets */ = {isa = PBXFileReference; lastKnownFileType = folder.assetcatalog; name = Assets.xcassets; path = WeePagerDemo/Assets.xcassets; sourceTree = SOURCE_ROOT; };
		3053068E1E1EBF50009BE043 /* Base */ = {isa = PBXFileReference; lastKnownFileType = file.storyboard; name = Base; path = WeePagerDemo/Base.lproj/LaunchScreen.storyboard; sourceTree = SOURCE_ROOT; };
		305306901E1EBF50009BE043 /* Base */ = {isa = PBXFileReference; lastKnownFileType = file.storyboard; name = Base; path = WeePagerDemo/Base.lproj/Main.storyboard; sourceTree = SOURCE_ROOT; };
		30DEB9B01E1A5FD1000B04F6 /* WeePager.app */ = {isa = PBXFileReference; explicitFileType = wrapper.application; includeInIndex = 0; path = WeePager.app; sourceTree = BUILT_PRODUCTS_DIR; };
/* End PBXFileReference section */

/* Begin PBXFrameworksBuildPhase section */
		30DEB9AD1E1A5FD1000B04F6 /* Frameworks */ = {
			isa = PBXFrameworksBuildPhase;
			buildActionMask = 2147483647;
			files = (
			);
			runOnlyForDeploymentPostprocessing = 0;
		};
/* End PBXFrameworksBuildPhase section */

/* Begin PBXGroup section */
		30DEB9A71E1A5FD1000B04F6 = {
			isa = PBXGroup;
			children = (
				30DEB9B21E1A5FD1000B04F6 /* MyPager */,
				30DEB9B11E1A5FD1000B04F6 /* Products */,
			);
			sourceTree = "<group>";
		};
		30DEB9B11E1A5FD1000B04F6 /* Products */ = {
			isa = PBXGroup;
			children = (
				30DEB9B01E1A5FD1000B04F6 /* WeePager.app */,
			);
			name = Products;
			sourceTree = "<group>";
		};
		30DEB9B21E1A5FD1000B04F6 /* MyPager */ = {
			isa = PBXGroup;
			children = (
				30E46E821E1C58F2007C98F2 /* BasicTableView */,
				30FC08851E1ADC560015614A /* Cachy */,
				30E46E8F1E1C5F9F007C98F2 /* WeePager */,
				305306731E1EBF16009BE043 /* AppDelegate.swift */,
				305306741E1EBF16009BE043 /* provaViewController.swift */,
				305306751E1EBF16009BE043 /* ViewController.swift */,
				3053068B1E1EBF43009BE043 /* Assets.xcassets */,
				305306891E1EBF39009BE043 /* Info.plist */,
				3053068D1E1EBF50009BE043 /* LaunchScreen.storyboard */,
				3053068F1E1EBF50009BE043 /* Main.storyboard */,
			);
			path = MyPager;
			sourceTree = "<group>";
		};
		30E46E821E1C58F2007C98F2 /* BasicTableView */ = {
			isa = PBXGroup;
			children = (
				3053067D1E1EBF2D009BE043 /* BasicTableView.swift */,
				3053067E1E1EBF2D009BE043 /* BasicTextCell.swift */,
				3053067F1E1EBF2D009BE043 /* BasicTextHeader.swift */,
				305306801E1EBF2D009BE043 /* BasicTextImageCell.swift */,
				305306811E1EBF2D009BE043 /* BasicTextSubtitleImage.swift */,
				305306821E1EBF2D009BE043 /* RootTableView.swift */,
			);
			name = BasicTableView;
			sourceTree = "<group>";
		};
		30E46E8F1E1C5F9F007C98F2 /* WeePager */ = {
			isa = PBXGroup;
			children = (
				3053066D1E1EBEDB009BE043 /* BodyView.swift */,
				3053066E1E1EBEDB009BE043 /* MenuView.swift */,
				3053066F1E1EBEDB009BE043 /* WeePager.swift */,
			);
			name = WeePager;
			sourceTree = "<group>";
		};
		30FC08851E1ADC560015614A /* Cachy */ = {
			isa = PBXGroup;
			children = (
				305306791E1EBF20009BE043 /* Cachy.swift */,
				3053067A1E1EBF20009BE043 /* CachyExtension.swift */,
			);
			name = Cachy;
			sourceTree = "<group>";
		};
/* End PBXGroup section */

/* Begin PBXNativeTarget section */
		30DEB9AF1E1A5FD1000B04F6 /* WeePager */ = {
			isa = PBXNativeTarget;
			buildConfigurationList = 30DEB9D81E1A5FD1000B04F6 /* Build configuration list for PBXNativeTarget "WeePager" */;
			buildPhases = (
				30DEB9AC1E1A5FD1000B04F6 /* Sources */,
				30DEB9AD1E1A5FD1000B04F6 /* Frameworks */,
				30DEB9AE1E1A5FD1000B04F6 /* Resources */,
			);
			buildRules = (
			);
			dependencies = (
			);
			name = WeePager;
			productName = MyPager;
			productReference = 30DEB9B01E1A5FD1000B04F6 /* WeePager.app */;
			productType = "com.apple.product-type.application";
		};
/* End PBXNativeTarget section */

/* Begin PBXProject section */
		30DEB9A81E1A5FD1000B04F6 /* Project object */ = {
			isa = PBXProject;
			attributes = {
				LastSwiftUpdateCheck = 0820;
				LastUpgradeCheck = 0820;
				ORGANIZATIONNAME = "Federico Gentile";
				TargetAttributes = {
					30DEB9AF1E1A5FD1000B04F6 = {
						CreatedOnToolsVersion = 8.2.1;
						DevelopmentTeam = H8UVDSE8R7;
						ProvisioningStyle = Automatic;
					};
				};
			};
			buildConfigurationList = 30DEB9AB1E1A5FD1000B04F6 /* Build configuration list for PBXProject "WeePager" */;
			compatibilityVersion = "Xcode 3.2";
			developmentRegion = English;
			hasScannedForEncodings = 0;
			knownRegions = (
				en,
				Base,
			);
			mainGroup = 30DEB9A71E1A5FD1000B04F6;
			productRefGroup = 30DEB9B11E1A5FD1000B04F6 /* Products */;
			projectDirPath = "";
			projectRoot = "";
			targets = (
				30DEB9AF1E1A5FD1000B04F6 /* WeePager */,
			);
		};
/* End PBXProject section */

/* Begin PBXResourcesBuildPhase section */
		30DEB9AE1E1A5FD1000B04F6 /* Resources */ = {
			isa = PBXResourcesBuildPhase;
			buildActionMask = 2147483647;
			files = (
				305306911E1EBF50009BE043 /* LaunchScreen.storyboard in Resources */,
				3053068A1E1EBF39009BE043 /* Info.plist in Resources */,
				3053068C1E1EBF43009BE043 /* Assets.xcassets in Resources */,
				305306921E1EBF50009BE043 /* Main.storyboard in Resources */,
			);
			runOnlyForDeploymentPostprocessing = 0;
		};
/* End PBXResourcesBuildPhase section */

/* Begin PBXSourcesBuildPhase section */
		30DEB9AC1E1A5FD1000B04F6 /* Sources */ = {
			isa = PBXSourcesBuildPhase;
			buildActionMask = 2147483647;
			files = (
				305306871E1EBF2D009BE043 /* BasicTextSubtitleImage.swift in Sources */,
				305306761E1EBF16009BE043 /* AppDelegate.swift in Sources */,
				305306851E1EBF2D009BE043 /* BasicTextHeader.swift in Sources */,
				305306841E1EBF2D009BE043 /* BasicTextCell.swift in Sources */,
				305306771E1EBF16009BE043 /* provaViewController.swift in Sources */,
				305306701E1EBEDB009BE043 /* BodyView.swift in Sources */,
				3053067C1E1EBF20009BE043 /* CachyExtension.swift in Sources */,
				305306781E1EBF16009BE043 /* ViewController.swift in Sources */,
				305306721E1EBEDB009BE043 /* WeePager.swift in Sources */,
				305306711E1EBEDB009BE043 /* MenuView.swift in Sources */,
				305306861E1EBF2D009BE043 /* BasicTextImageCell.swift in Sources */,
				305306831E1EBF2D009BE043 /* BasicTableView.swift in Sources */,
				3053067B1E1EBF20009BE043 /* Cachy.swift in Sources */,
				305306881E1EBF2D009BE043 /* RootTableView.swift in Sources */,
			);
			runOnlyForDeploymentPostprocessing = 0;
		};
/* End PBXSourcesBuildPhase section */

/* Begin PBXVariantGroup section */
		3053068D1E1EBF50009BE043 /* LaunchScreen.storyboard */ = {
			isa = PBXVariantGroup;
			children = (
				3053068E1E1EBF50009BE043 /* Base */,
			);
			name = LaunchScreen.storyboard;
			sourceTree = "<group>";
		};
		3053068F1E1EBF50009BE043 /* Main.storyboard */ = {
			isa = PBXVariantGroup;
			children = (
				305306901E1EBF50009BE043 /* Base */,
			);
			name = Main.storyboard;
			sourceTree = "<group>";
		};
/* End PBXVariantGroup section */

/* Begin XCBuildConfiguration section */
		30DEB9D61E1A5FD1000B04F6 /* Debug */ = {
			isa = XCBuildConfiguration;
			buildSettings = {
				ALWAYS_SEARCH_USER_PATHS = NO;
				CLANG_ANALYZER_NONNULL = YES;
				CLANG_CXX_LANGUAGE_STANDARD = "gnu++0x";
				CLANG_CXX_LIBRARY = "libc++";
				CLANG_ENABLE_MODULES = YES;
				CLANG_ENABLE_OBJC_ARC = YES;
				CLANG_WARN_BOOL_CONVERSION = YES;
				CLANG_WARN_CONSTANT_CONVERSION = YES;
				CLANG_WARN_DIRECT_OBJC_ISA_USAGE = YES_ERROR;
				CLANG_WARN_DOCUMENTATION_COMMENTS = YES;
				CLANG_WARN_EMPTY_BODY = YES;
				CLANG_WARN_ENUM_CONVERSION = YES;
				CLANG_WARN_INFINITE_RECURSION = YES;
				CLANG_WARN_INT_CONVERSION = YES;
				CLANG_WARN_OBJC_ROOT_CLASS = YES_ERROR;
				CLANG_WARN_SUSPICIOUS_MOVE = YES;
				CLANG_WARN_UNREACHABLE_CODE = YES;
				CLANG_WARN__DUPLICATE_METHOD_MATCH = YES;
				"CODE_SIGN_IDENTITY[sdk=iphoneos*]" = "iPhone Developer";
				COPY_PHASE_STRIP = NO;
				DEBUG_INFORMATION_FORMAT = dwarf;
				ENABLE_STRICT_OBJC_MSGSEND = YES;
				ENABLE_TESTABILITY = YES;
				GCC_C_LANGUAGE_STANDARD = gnu99;
				GCC_DYNAMIC_NO_PIC = NO;
				GCC_NO_COMMON_BLOCKS = YES;
				GCC_OPTIMIZATION_LEVEL = 0;
				GCC_PREPROCESSOR_DEFINITIONS = (
					"DEBUG=1",
					"$(inherited)",
				);
				GCC_WARN_64_TO_32_BIT_CONVERSION = YES;
				GCC_WARN_ABOUT_RETURN_TYPE = YES_ERROR;
				GCC_WARN_UNDECLARED_SELECTOR = YES;
				GCC_WARN_UNINITIALIZED_AUTOS = YES_AGGRESSIVE;
				GCC_WARN_UNUSED_FUNCTION = YES;
				GCC_WARN_UNUSED_VARIABLE = YES;
				IPHONEOS_DEPLOYMENT_TARGET = 10.2;
				MTL_ENABLE_DEBUG_INFO = YES;
				ONLY_ACTIVE_ARCH = YES;
				SDKROOT = iphoneos;
				SWIFT_ACTIVE_COMPILATION_CONDITIONS = DEBUG;
				SWIFT_OPTIMIZATION_LEVEL = "-Onone";
			};
			name = Debug;
		};
		30DEB9D71E1A5FD1000B04F6 /* Release */ = {
			isa = XCBuildConfiguration;
			buildSettings = {
				ALWAYS_SEARCH_USER_PATHS = NO;
				CLANG_ANALYZER_NONNULL = YES;
				CLANG_CXX_LANGUAGE_STANDARD = "gnu++0x";
				CLANG_CXX_LIBRARY = "libc++";
				CLANG_ENABLE_MODULES = YES;
				CLANG_ENABLE_OBJC_ARC = YES;
				CLANG_WARN_BOOL_CONVERSION = YES;
				CLANG_WARN_CONSTANT_CONVERSION = YES;
				CLANG_WARN_DIRECT_OBJC_ISA_USAGE = YES_ERROR;
				CLANG_WARN_DOCUMENTATION_COMMENTS = YES;
				CLANG_WARN_EMPTY_BODY = YES;
				CLANG_WARN_ENUM_CONVERSION = YES;
				CLANG_WARN_INFINITE_RECURSION = YES;
				CLANG_WARN_INT_CONVERSION = YES;
				CLANG_WARN_OBJC_ROOT_CLASS = YES_ERROR;
				CLANG_WARN_SUSPICIOUS_MOVE = YES;
				CLANG_WARN_UNREACHABLE_CODE = YES;
				CLANG_WARN__DUPLICATE_METHOD_MATCH = YES;
				"CODE_SIGN_IDENTITY[sdk=iphoneos*]" = "iPhone Developer";
				COPY_PHASE_STRIP = NO;
				DEBUG_INFORMATION_FORMAT = "dwarf-with-dsym";
				ENABLE_NS_ASSERTIONS = NO;
				ENABLE_STRICT_OBJC_MSGSEND = YES;
				GCC_C_LANGUAGE_STANDARD = gnu99;
				GCC_NO_COMMON_BLOCKS = YES;
				GCC_WARN_64_TO_32_BIT_CONVERSION = YES;
				GCC_WARN_ABOUT_RETURN_TYPE = YES_ERROR;
				GCC_WARN_UNDECLARED_SELECTOR = YES;
				GCC_WARN_UNINITIALIZED_AUTOS = YES_AGGRESSIVE;
				GCC_WARN_UNUSED_FUNCTION = YES;
				GCC_WARN_UNUSED_VARIABLE = YES;
				IPHONEOS_DEPLOYMENT_TARGET = 10.2;
				MTL_ENABLE_DEBUG_INFO = NO;
				SDKROOT = iphoneos;
				SWIFT_OPTIMIZATION_LEVEL = "-Owholemodule";
				VALIDATE_PRODUCT = YES;
			};
			name = Release;
		};
		30DEB9D91E1A5FD1000B04F6 /* Debug */ = {
			isa = XCBuildConfiguration;
			buildSettings = {
				ASSETCATALOG_COMPILER_APPICON_NAME = AppIcon;
				DEVELOPMENT_TEAM = H8UVDSE8R7;
				INFOPLIST_FILE = "$(SRCROOT)/WeePagerDemo/Info.plist";
				IPHONEOS_DEPLOYMENT_TARGET = 8.0;
				LD_RUNPATH_SEARCH_PATHS = "$(inherited) @executable_path/Frameworks";
				PRODUCT_BUNDLE_IDENTIFIER = com.gens.MyPager;
				PRODUCT_NAME = "$(TARGET_NAME)";
				SWIFT_VERSION = 3.0;
			};
			name = Debug;
		};
		30DEB9DA1E1A5FD1000B04F6 /* Release */ = {
			isa = XCBuildConfiguration;
			buildSettings = {
				ASSETCATALOG_COMPILER_APPICON_NAME = AppIcon;
				DEVELOPMENT_TEAM = H8UVDSE8R7;
				INFOPLIST_FILE = "$(SRCROOT)/WeePagerDemo/Info.plist";
				IPHONEOS_DEPLOYMENT_TARGET = 8.0;
				LD_RUNPATH_SEARCH_PATHS = "$(inherited) @executable_path/Frameworks";
				PRODUCT_BUNDLE_IDENTIFIER = com.gens.MyPager;
				PRODUCT_NAME = "$(TARGET_NAME)";
				SWIFT_VERSION = 3.0;
			};
			name = Release;
		};
/* End XCBuildConfiguration section */

/* Begin XCConfigurationList section */
		30DEB9AB1E1A5FD1000B04F6 /* Build configuration list for PBXProject "WeePager" */ = {
			isa = XCConfigurationList;
			buildConfigurations = (
				30DEB9D61E1A5FD1000B04F6 /* Debug */,
				30DEB9D71E1A5FD1000B04F6 /* Release */,
			);
			defaultConfigurationIsVisible = 0;
			defaultConfigurationName = Release;
		};
		30DEB9D81E1A5FD1000B04F6 /* Build configuration list for PBXNativeTarget "WeePager" */ = {
			isa = XCConfigurationList;
			buildConfigurations = (
				30DEB9D91E1A5FD1000B04F6 /* Debug */,
				30DEB9DA1E1A5FD1000B04F6 /* Release */,
			);
			defaultConfigurationIsVisible = 0;
			defaultConfigurationName = Release;
		};
/* End XCConfigurationList section */
	};
	rootObject = 30DEB9A81E1A5FD1000B04F6 /* Project object */;
}
